
Microsoft Visual Studio Solution File, Format Version 12.00
# Visual Studio 2012
Project("{FAE04EC0-301F-11D3-BF4B-00C04F79EFBC}") = "BarcodeTestApp", "BarcodeTestApp\BarcodeTestApp.csproj", "{9A8D0A75-EB0D-4805-9E22-8CA6E12E6185}"
EndProject
Project("{FAE04EC0-301F-11D3-BF4B-00C04F79EFBC}") = "BarcodeTestApp.iOS", "iOS\BarcodeTestApp.iOS.csproj", "{7341E5C9-843A-4E74-B859-B254504CAB74}"
EndProject
Project("{FAE04EC0-301F-11D3-BF4B-00C04F79EFBC}") = "BarcodeTestApp.Droid", "Droid\BarcodeTestApp.Droid.csproj", "{D156CAF7-AEA5-4731-929B-420AB1D8D419}"
EndProject
Global
	GlobalSection(SolutionConfigurationPlatforms) = preSolution
		Debug|Any CPU = Debug|Any CPU
		Release|Any CPU = Release|Any CPU
		Debug|iPhoneSimulator = Debug|iPhoneSimulator
		Release|iPhone = Release|iPhone
		Release|iPhoneSimulator = Release|iPhoneSimulator
		Debug|iPhone = Debug|iPhone
	EndGlobalSection
	GlobalSection(ProjectConfigurationPlatforms) = postSolution
		{9A8D0A75-EB0D-4805-9E22-8CA6E12E6185}.Debug|Any CPU.ActiveCfg = Debug|Any CPU
		{9A8D0A75-EB0D-4805-9E22-8CA6E12E6185}.Debug|Any CPU.Build.0 = Debug|Any CPU
		{9A8D0A75-EB0D-4805-9E22-8CA6E12E6185}.Release|Any CPU.ActiveCfg = Release|Any CPU
		{9A8D0A75-EB0D-4805-9E22-8CA6E12E6185}.Release|Any CPU.Build.0 = Release|Any CPU
		{9A8D0A75-EB0D-4805-9E22-8CA6E12E6185}.Debug|iPhoneSimulator.ActiveCfg = Debug|Any CPU
		{9A8D0A75-EB0D-4805-9E22-8CA6E12E6185}.Debug|iPhoneSimulator.Build.0 = Debug|Any CPU
		{9A8D0A75-EB0D-4805-9E22-8CA6E12E6185}.Release|iPhone.ActiveCfg = Release|Any CPU
		{9A8D0A75-EB0D-4805-9E22-8CA6E12E6185}.Release|iPhone.Build.0 = Release|Any CPU
		{9A8D0A75-EB0D-4805-9E22-8CA6E12E6185}.Release|iPhoneSimulator.ActiveCfg = Release|Any CPU
		{9A8D0A75-EB0D-4805-9E22-8CA6E12E6185}.Release|iPhoneSimulator.Build.0 = Release|Any CPU
		{9A8D0A75-EB0D-4805-9E22-8CA6E12E6185}.Debug|iPhone.ActiveCfg = Debug|Any CPU
		{9A8D0A75-EB0D-4805-9E22-8CA6E12E6185}.Debug|iPhone.Build.0 = Debug|Any CPU
		{7341E5C9-843A-4E74-B859-B254504CAB74}.Debug|Any CPU.ActiveCfg = Debug|iPhoneSimulator
		{7341E5C9-843A-4E74-B859-B254504CAB74}.Debug|Any CPU.Build.0 = Debug|iPhoneSimulator
		{7341E5C9-843A-4E74-B859-B254504CAB74}.Release|Any CPU.ActiveCfg = Release|iPhone
		{7341E5C9-843A-4E74-B859-B254504CAB74}.Release|Any CPU.Build.0 = Release|iPhone
		{7341E5C9-843A-4E74-B859-B254504CAB74}.Debug|iPhoneSimulator.ActiveCfg = Debug|iPhoneSimulator
		{7341E5C9-843A-4E74-B859-B254504CAB74}.Debug|iPhoneSimulator.Build.0 = Debug|iPhoneSimulator
		{7341E5C9-843A-4E74-B859-B254504CAB74}.Release|iPhone.ActiveCfg = Release|iPhone
		{7341E5C9-843A-4E74-B859-B254504CAB74}.Release|iPhone.Build.0 = Release|iPhone
		{7341E5C9-843A-4E74-B859-B254504CAB74}.Release|iPhoneSimulator.ActiveCfg = Release|iPhoneSimulator
		{7341E5C9-843A-4E74-B859-B254504CAB74}.Release|iPhoneSimulator.Build.0 = Release|iPhoneSimulator
		{7341E5C9-843A-4E74-B859-B254504CAB74}.Debug|iPhone.ActiveCfg = Debug|iPhone
		{7341E5C9-843A-4E74-B859-B254504CAB74}.Debug|iPhone.Build.0 = Debug|iPhone
		{D156CAF7-AEA5-4731-929B-420AB1D8D419}.Debug|Any CPU.ActiveCfg = Debug|Any CPU
		{D156CAF7-AEA5-4731-929B-420AB1D8D419}.Debug|Any CPU.Build.0 = Debug|Any CPU
		{D156CAF7-AEA5-4731-929B-420AB1D8D419}.Release|Any CPU.ActiveCfg = Release|Any CPU
		{D156CAF7-AEA5-4731-929B-420AB1D8D419}.Release|Any CPU.Build.0 = Release|Any CPU
		{D156CAF7-AEA5-4731-929B-420AB1D8D419}.Debug|iPhoneSimulator.ActiveCfg = Debug|Any CPU
		{D156CAF7-AEA5-4731-929B-420AB1D8D419}.Debug|iPhoneSimulator.Build.0 = Debug|Any CPU
		{D156CAF7-AEA5-4731-929B-420AB1D8D419}.Release|iPhone.ActiveCfg = Release|Any CPU
		{D156CAF7-AEA5-4731-929B-420AB1D8D419}.Release|iPhone.Build.0 = Release|Any CPU
		{D156CAF7-AEA5-4731-929B-420AB1D8D419}.Release|iPhoneSimulator.ActiveCfg = Release|Any CPU
		{D156CAF7-AEA5-4731-929B-420AB1D8D419}.Release|iPhoneSimulator.Build.0 = Release|Any CPU
		{D156CAF7-AEA5-4731-929B-420AB1D8D419}.Debug|iPhone.ActiveCfg = Debug|Any CPU
		{D156CAF7-AEA5-4731-929B-420AB1D8D419}.Debug|iPhone.Build.0 = Debug|Any CPU
	EndGlobalSection
EndGlobal
